
Microsoft Visual Studio Solution File, Format Version 12.00
# Visual Studio 15
VisualStudioVersion = 15.0.28307.168
MinimumVisualStudioVersion = 10.0.40219.1
Project("{FAE04EC0-301F-11D3-BF4B-00C04F79EFBC}") = "UITableViewTest.Android", "UITableViewTest\UITableViewTest.Android\UITableViewTest.Android.csproj", "{E3D618E7-CB26-44AE-9311-93338ADD9A9D}"
EndProject
Project("{FAE04EC0-301F-11D3-BF4B-00C04F79EFBC}") = "UITableViewTest.iOS", "UITableViewTest\UITableViewTest.iOS\UITableViewTest.iOS.csproj", "{B77D30FA-C13E-4930-BDFE-1C8395B2CC0F}"
EndProject
Project("{FAE04EC0-301F-11D3-BF4B-00C04F79EFBC}") = "UITableViewTest", "UITableViewTest\UITableViewTest\UITableViewTest.csproj", "{10962F17-125C-40F0-A0DC-5C2C3CC39B05}"
EndProject
Global
	GlobalSection(SolutionConfigurationPlatforms) = preSolution
		Ad-Hoc|Any CPU = Ad-Hoc|Any CPU
		Ad-Hoc|iPhone = Ad-Hoc|iPhone
		Ad-Hoc|iPhoneSimulator = Ad-Hoc|iPhoneSimulator
		AppStore|Any CPU = AppStore|Any CPU
		AppStore|iPhone = AppStore|iPhone
		AppStore|iPhoneSimulator = AppStore|iPhoneSimulator
		Debug|Any CPU = Debug|Any CPU
		Debug|iPhone = Debug|iPhone
		Debug|iPhoneSimulator = Debug|iPhoneSimulator
		Release|Any CPU = Release|Any CPU
		Release|iPhone = Release|iPhone
		Release|iPhoneSimulator = Release|iPhoneSimulator
	EndGlobalSection
	GlobalSection(ProjectConfigurationPlatforms) = postSolution
		{E3D618E7-CB26-44AE-9311-93338ADD9A9D}.Ad-Hoc|Any CPU.ActiveCfg = Release|Any CPU
		{E3D618E7-CB26-44AE-9311-93338ADD9A9D}.Ad-Hoc|Any CPU.Build.0 = Release|Any CPU
		{E3D618E7-CB26-44AE-9311-93338ADD9A9D}.Ad-Hoc|Any CPU.Deploy.0 = Release|Any CPU
		{E3D618E7-CB26-44AE-9311-93338ADD9A9D}.Ad-Hoc|iPhone.ActiveCfg = Release|Any CPU
		{E3D618E7-CB26-44AE-9311-93338ADD9A9D}.Ad-Hoc|iPhone.Build.0 = Release|Any CPU
		{E3D618E7-CB26-44AE-9311-93338ADD9A9D}.Ad-Hoc|iPhone.Deploy.0 = Release|Any CPU
		{E3D618E7-CB26-44AE-9311-93338ADD9A9D}.Ad-Hoc|iPhoneSimulator.ActiveCfg = Release|Any CPU
		{E3D618E7-CB26-44AE-9311-93338ADD9A9D}.Ad-Hoc|iPhoneSimulator.Build.0 = Release|Any CPU
		{E3D618E7-CB26-44AE-9311-93338ADD9A9D}.Ad-Hoc|iPhoneSimulator.Deploy.0 = Release|Any CPU
		{E3D618E7-CB26-44AE-9311-93338ADD9A9D}.AppStore|Any CPU.ActiveCfg = Release|Any CPU
		{E3D618E7-CB26-44AE-9311-93338ADD9A9D}.AppStore|Any CPU.Build.0 = Release|Any CPU
		{E3D618E7-CB26-44AE-9311-93338ADD9A9D}.AppStore|Any CPU.Deploy.0 = Release|Any CPU
		{E3D618E7-CB26-44AE-9311-93338ADD9A9D}.AppStore|iPhone.ActiveCfg = Release|Any CPU
		{E3D618E7-CB26-44AE-9311-93338ADD9A9D}.AppStore|iPhone.Build.0 = Release|Any CPU
		{E3D618E7-CB26-44AE-9311-93338ADD9A9D}.AppStore|iPhone.Deploy.0 = Release|Any CPU
		{E3D618E7-CB26-44AE-9311-93338ADD9A9D}.AppStore|iPhoneSimulator.ActiveCfg = Release|Any CPU
		{E3D618E7-CB26-44AE-9311-93338ADD9A9D}.AppStore|iPhoneSimulator.Build.0 = Release|Any CPU
		{E3D618E7-CB26-44AE-9311-93338ADD9A9D}.AppStore|iPhoneSimulator.Deploy.0 = Release|Any CPU
		{E3D618E7-CB26-44AE-9311-93338ADD9A9D}.Debug|Any CPU.ActiveCfg = Debug|Any CPU
		{E3D618E7-CB26-44AE-9311-93338ADD9A9D}.Debug|Any CPU.Build.0 = Debug|Any CPU
		{E3D618E7-CB26-44AE-9311-93338ADD9A9D}.Debug|Any CPU.Deploy.0 = Debug|Any CPU
		{E3D618E7-CB26-44AE-9311-93338ADD9A9D}.Debug|iPhone.ActiveCfg = Debug|Any CPU
		{E3D618E7-CB26-44AE-9311-93338ADD9A9D}.Debug|iPhone.Build.0 = Debug|Any CPU
		{E3D618E7-CB26-44AE-9311-93338ADD9A9D}.Debug|iPhone.Deploy.0 = Debug|Any CPU
		{E3D618E7-CB26-44AE-9311-93338ADD9A9D}.Debug|iPhoneSimulator.ActiveCfg = Debug|Any CPU
		{E3D618E7-CB26-44AE-9311-93338ADD9A9D}.Debug|iPhoneSimulator.Build.0 = Debug|Any CPU
		{E3D618E7-CB26-44AE-9311-93338ADD9A9D}.Debug|iPhoneSimulator.Deploy.0 = Debug|Any CPU
		{E3D618E7-CB26-44AE-9311-93338ADD9A9D}.Release|Any CPU.ActiveCfg = Release|Any CPU
		{E3D618E7-CB26-44AE-9311-93338ADD9A9D}.Release|Any CPU.Build.0 = Release|Any CPU
		{E3D618E7-CB26-44AE-9311-93338ADD9A9D}.Release|Any CPU.Deploy.0 = Release|Any CPU
		{E3D618E7-CB26-44AE-9311-93338ADD9A9D}.Release|iPhone.ActiveCfg = Release|Any CPU
		{E3D618E7-CB26-44AE-9311-93338ADD9A9D}.Release|iPhone.Build.0 = Release|Any CPU
		{E3D618E7-CB26-44AE-9311-93338ADD9A9D}.Release|iPhone.Deploy.0 = Release|Any CPU
		{E3D618E7-CB26-44AE-9311-93338ADD9A9D}.Release|iPhoneSimulator.ActiveCfg = Release|Any CPU
		{E3D618E7-CB26-44AE-9311-93338ADD9A9D}.Release|iPhoneSimulator.Build.0 = Release|Any CPU
		{E3D618E7-CB26-44AE-9311-93338ADD9A9D}.Release|iPhoneSimulator.Deploy.0 = Release|Any CPU
		{B77D30FA-C13E-4930-BDFE-1C8395B2CC0F}.Ad-Hoc|Any CPU.ActiveCfg = Ad-Hoc|iPhone
		{B77D30FA-C13E-4930-BDFE-1C8395B2CC0F}.Ad-Hoc|Any CPU.Build.0 = Ad-Hoc|iPhone
		{B77D30FA-C13E-4930-BDFE-1C8395B2CC0F}.Ad-Hoc|Any CPU.Deploy.0 = Ad-Hoc|iPhone
		{B77D30FA-C13E-4930-BDFE-1C8395B2CC0F}.Ad-Hoc|iPhone.ActiveCfg = Ad-Hoc|iPhone
		{B77D30FA-C13E-4930-BDFE-1C8395B2CC0F}.Ad-Hoc|iPhone.Build.0 = Ad-Hoc|iPhone
		{B77D30FA-C13E-4930-BDFE-1C8395B2CC0F}.Ad-Hoc|iPhone.Deploy.0 = Ad-Hoc|iPhone
		{B77D30FA-C13E-4930-BDFE-1C8395B2CC0F}.Ad-Hoc|iPhoneSimulator.ActiveCfg = Ad-Hoc|iPhoneSimulator
		{B77D30FA-C13E-4930-BDFE-1C8395B2CC0F}.Ad-Hoc|iPhoneSimulator.Build.0 = Ad-Hoc|iPhoneSimulator
		{B77D30FA-C13E-4930-BDFE-1C8395B2CC0F}.Ad-Hoc|iPhoneSimulator.Deploy.0 = Ad-Hoc|iPhoneSimulator
		{B77D30FA-C13E-4930-BDFE-1C8395B2CC0F}.AppStore|Any CPU.ActiveCfg = AppStore|iPhone
		{B77D30FA-C13E-4930-BDFE-1C8395B2CC0F}.AppStore|Any CPU.Build.0 = AppStore|iPhone
		{B77D30FA-C13E-4930-BDFE-1C8395B2CC0F}.AppStore|Any CPU.Deploy.0 = AppStore|iPhone
		{B77D30FA-C13E-4930-BDFE-1C8395B2CC0F}.AppStore|iPhone.ActiveCfg = AppStore|iPhone
		{B77D30FA-C13E-4930-BDFE-1C8395B2CC0F}.AppStore|iPhone.Build.0 = AppStore|iPhone
		{B77D30FA-C13E-4930-BDFE-1C8395B2CC0F}.AppStore|iPhone.Deploy.0 = AppStore|iPhone
		{B77D30FA-C13E-4930-BDFE-1C8395B2CC0F}.AppStore|iPhoneSimulator.ActiveCfg = AppStore|iPhoneSimulator
		{B77D30FA-C13E-4930-BDFE-1C8395B2CC0F}.AppStore|iPhoneSimulator.Build.0 = AppStore|iPhoneSimulator
		{B77D30FA-C13E-4930-BDFE-1C8395B2CC0F}.AppStore|iPhoneSimulator.Deploy.0 = AppStore|iPhoneSimulator
		{B77D30FA-C13E-4930-BDFE-1C8395B2CC0F}.Debug|Any CPU.ActiveCfg = Debug|iPhoneSimulator
		{B77D30FA-C13E-4930-BDFE-1C8395B2CC0F}.Debug|Any CPU.Build.0 = Debug|iPhoneSimulator
		{B77D30FA-C13E-4930-BDFE-1C8395B2CC0F}.Debug|Any CPU.Deploy.0 = Debug|iPhoneSimulator
		{B77D30FA-C13E-4930-BDFE-1C8395B2CC0F}.Debug|iPhone.ActiveCfg = Debug|iPhone
		{B77D30FA-C13E-4930-BDFE-1C8395B2CC0F}.Debug|iPhone.Build.0 = Debug|iPhone
		{B77D30FA-C13E-4930-BDFE-1C8395B2CC0F}.Debug|iPhone.Deploy.0 = Debug|iPhone
		{B77D30FA-C13E-4930-BDFE-1C8395B2CC0F}.Debug|iPhoneSimulator.ActiveCfg = Debug|iPhoneSimulator
		{B77D30FA-C13E-4930-BDFE-1C8395B2CC0F}.Debug|iPhoneSimulator.Build.0 = Debug|iPhoneSimulator
		{B77D30FA-C13E-4930-BDFE-1C8395B2CC0F}.Debug|iPhoneSimulator.Deploy.0 = Debug|iPhoneSimulator
		{B77D30FA-C13E-4930-BDFE-1C8395B2CC0F}.Release|Any CPU.ActiveCfg = Release|iPhone
		{B77D30FA-C13E-4930-BDFE-1C8395B2CC0F}.Release|Any CPU.Build.0 = Release|iPhone
		{B77D30FA-C13E-4930-BDFE-1C8395B2CC0F}.Release|Any CPU.Deploy.0 = Release|iPhone
		{B77D30FA-C13E-4930-BDFE-1C8395B2CC0F}.Release|iPhone.ActiveCfg = Release|iPhone
		{B77D30FA-C13E-4930-BDFE-1C8395B2CC0F}.Release|iPhone.Build.0 = Release|iPhone
		{B77D30FA-C13E-4930-BDFE-1C8395B2CC0F}.Release|iPhone.Deploy.0 = Release|iPhone
		{B77D30FA-C13E-4930-BDFE-1C8395B2CC0F}.Release|iPhoneSimulator.ActiveCfg = Release|iPhoneSimulator
		{B77D30FA-C13E-4930-BDFE-1C8395B2CC0F}.Release|iPhoneSimulator.Build.0 = Release|iPhoneSimulator
		{B77D30FA-C13E-4930-BDFE-1C8395B2CC0F}.Release|iPhoneSimulator.Deploy.0 = Release|iPhoneSimulator
		{10962F17-125C-40F0-A0DC-5C2C3CC39B05}.Ad-Hoc|Any CPU.ActiveCfg = Debug|Any CPU
		{10962F17-125C-40F0-A0DC-5C2C3CC39B05}.Ad-Hoc|Any CPU.Build.0 = Debug|Any CPU
		{10962F17-125C-40F0-A0DC-5C2C3CC39B05}.Ad-Hoc|Any CPU.Deploy.0 = Debug|Any CPU
		{10962F17-125C-40F0-A0DC-5C2C3CC39B05}.Ad-Hoc|iPhone.ActiveCfg = Debug|Any CPU
		{10962F17-125C-40F0-A0DC-5C2C3CC39B05}.Ad-Hoc|iPhone.Build.0 = Debug|Any CPU
		{10962F17-125C-40F0-A0DC-5C2C3CC39B05}.Ad-Hoc|iPhone.Deploy.0 = Debug|Any CPU
		{10962F17-125C-40F0-A0DC-5C2C3CC39B05}.Ad-Hoc|iPhoneSimulator.ActiveCfg = Debug|Any CPU
		{10962F17-125C-40F0-A0DC-5C2C3CC39B05}.Ad-Hoc|iPhoneSimulator.Build.0 = Debug|Any CPU
		{10962F17-125C-40F0-A0DC-5C2C3CC39B05}.Ad-Hoc|iPhoneSimulator.Deploy.0 = Debug|Any CPU
		{10962F17-125C-40F0-A0DC-5C2C3CC39B05}.AppStore|Any CPU.ActiveCfg = Debug|Any CPU
		{10962F17-125C-40F0-A0DC-5C2C3CC39B05}.AppStore|Any CPU.Build.0 = Debug|Any CPU
		{10962F17-125C-40F0-A0DC-5C2C3CC39B05}.AppStore|Any CPU.Deploy.0 = Debug|Any CPU
		{10962F17-125C-40F0-A0DC-5C2C3CC39B05}.AppStore|iPhone.ActiveCfg = Debug|Any CPU
		{10962F17-125C-40F0-A0DC-5C2C3CC39B05}.AppStore|iPhone.Build.0 = Debug|Any CPU
		{10962F17-125C-40F0-A0DC-5C2C3CC39B05}.AppStore|iPhone.Deploy.0 = Debug|Any CPU
		{10962F17-125C-40F0-A0DC-5C2C3CC39B05}.AppStore|iPhoneSimulator.ActiveCfg = Debug|Any CPU
		{10962F17-125C-40F0-A0DC-5C2C3CC39B05}.AppStore|iPhoneSimulator.Build.0 = Debug|Any CPU
		{10962F17-125C-40F0-A0DC-5C2C3CC39B05}.AppStore|iPhoneSimulator.Deploy.0 = Debug|Any CPU
		{10962F17-125C-40F0-A0DC-5C2C3CC39B05}.Debug|Any CPU.ActiveCfg = Debug|Any CPU
		{10962F17-125C-40F0-A0DC-5C2C3CC39B05}.Debug|Any CPU.Build.0 = Debug|Any CPU
		{10962F17-125C-40F0-A0DC-5C2C3CC39B05}.Debug|Any CPU.Deploy.0 = Debug|Any CPU
		{10962F17-125C-40F0-A0DC-5C2C3CC39B05}.Debug|iPhone.ActiveCfg = Debug|Any CPU
		{10962F17-125C-40F0-A0DC-5C2C3CC39B05}.Debug|iPhone.Build.0 = Debug|Any CPU
		{10962F17-125C-40F0-A0DC-5C2C3CC39B05}.Debug|iPhone.Deploy.0 = Debug|Any CPU
		{10962F17-125C-40F0-A0DC-5C2C3CC39B05}.Debug|iPhoneSimulator.ActiveCfg = Debug|Any CPU
		{10962F17-125C-40F0-A0DC-5C2C3CC39B05}.Debug|iPhoneSimulator.Build.0 = Debug|Any CPU
		{10962F17-125C-40F0-A0DC-5C2C3CC39B05}.Debug|iPhoneSimulator.Deploy.0 = Debug|Any CPU
		{10962F17-125C-40F0-A0DC-5C2C3CC39B05}.Release|Any CPU.ActiveCfg = Release|Any CPU
		{10962F17-125C-40F0-A0DC-5C2C3CC39B05}.Release|Any CPU.Build.0 = Release|Any CPU
		{10962F17-125C-40F0-A0DC-5C2C3CC39B05}.Release|Any CPU.Deploy.0 = Release|Any CPU
		{10962F17-125C-40F0-A0DC-5C2C3CC39B05}.Release|iPhone.ActiveCfg = Release|Any CPU
		{10962F17-125C-40F0-A0DC-5C2C3CC39B05}.Release|iPhone.Build.0 = Release|Any CPU
		{10962F17-125C-40F0-A0DC-5C2C3CC39B05}.Release|iPhone.Deploy.0 = Release|Any CPU
		{10962F17-125C-40F0-A0DC-5C2C3CC39B05}.Release|iPhoneSimulator.ActiveCfg = Release|Any CPU
		{10962F17-125C-40F0-A0DC-5C2C3CC39B05}.Release|iPhoneSimulator.Build.0 = Release|Any CPU
		{10962F17-125C-40F0-A0DC-5C2C3CC39B05}.Release|iPhoneSimulator.Deploy.0 = Release|Any CPU
	EndGlobalSection
	GlobalSection(SolutionProperties) = preSolution
		HideSolutionNode = FALSE
	EndGlobalSection
	GlobalSection(ExtensibilityGlobals) = postSolution
		SolutionGuid = {EDFFC4B8-521A-425C-BFD2-2C8D2955D1A6}
	EndGlobalSection
EndGlobal
